
Microsoft Visual Studio Solution File, Format Version 12.00
# Visual Studio Version 17
VisualStudioVersion = 17.11.35327.3
MinimumVisualStudioVersion = 10.0.40219.1
Project("{FAE04EC0-301F-11D3-BF4B-00C04F79EFBC}") = "MauiAppHotel", "MauiAppHotel\MauiAppHotel.csproj", "{CCFAA7AF-0BE4-464E-8D63-61C442C4F991}"
EndProject
Global
	GlobalSection(SolutionConfigurationPlatforms) = preSolution
		Debug|Any CPU = Debug|Any CPU
		Release|Any CPU = Release|Any CPU
	EndGlobalSection
	GlobalSection(ProjectConfigurationPlatforms) = postSolution
		{CCFAA7AF-0BE4-464E-8D63-61C442C4F991}.Debug|Any CPU.ActiveCfg = Debug|Any CPU
		{CCFAA7AF-0BE4-464E-8D63-61C442C4F991}.Debug|Any CPU.Build.0 = Debug|Any CPU
		{CCFAA7AF-0BE4-464E-8D63-61C442C4F991}.Debug|Any CPU.Deploy.0 = Debug|Any CPU
		{CCFAA7AF-0BE4-464E-8D63-61C442C4F991}.Release|Any CPU.ActiveCfg = Release|Any CPU
		{CCFAA7AF-0BE4-464E-8D63-61C442C4F991}.Release|Any CPU.Build.0 = Release|Any CPU
		{CCFAA7AF-0BE4-464E-8D63-61C442C4F991}.Release|Any CPU.Deploy.0 = Release|Any CPU
	EndGlobalSection
	GlobalSection(SolutionProperties) = preSolution
		HideSolutionNode = FALSE
	EndGlobalSection
	GlobalSection(ExtensibilityGlobals) = postSolution
		SolutionGuid = {8290B5EC-7122-42C8-95AF-C359F3D300B7}
	EndGlobalSection
EndGlobal
